
Microsoft Visual Studio Solution File, Format Version 12.00
# Visual Studio Version 17
VisualStudioVersion = 17.12.35209.166
MinimumVisualStudioVersion = 10.0.40219.1
Project("{9A19103F-16F7-4668-BE54-9A1E7A4F7556}") = "SonorousAPI", "SonorousAPI\SonorousAPI.csproj", "{76A48C11-F71D-4F14-8EF0-1C99A7715CB5}"
EndProject
Global
	GlobalSection(SolutionConfigurationPlatforms) = preSolution
		Debug|Any CPU = Debug|Any CPU
		Release|Any CPU = Release|Any CPU
	EndGlobalSection
	GlobalSection(ProjectConfigurationPlatforms) = postSolution
		{76A48C11-F71D-4F14-8EF0-1C99A7715CB5}.Debug|Any CPU.ActiveCfg = Debug|Any CPU
		{76A48C11-F71D-4F14-8EF0-1C99A7715CB5}.Debug|Any CPU.Build.0 = Debug|Any CPU
		{76A48C11-F71D-4F14-8EF0-1C99A7715CB5}.Release|Any CPU.ActiveCfg = Release|Any CPU
		{76A48C11-F71D-4F14-8EF0-1C99A7715CB5}.Release|Any CPU.Build.0 = Release|Any CPU
	EndGlobalSection
	GlobalSection(SolutionProperties) = preSolution
		HideSolutionNode = FALSE
	EndGlobalSection
	GlobalSection(ExtensibilityGlobals) = postSolution
		SolutionGuid = {5F75C666-3230-44F6-AF63-DEA67E26297F}
	EndGlobalSection
EndGlobal
