
Microsoft Visual Studio Solution File, Format Version 12.00
# Visual Studio Version 17
VisualStudioVersion = 17.11.35201.85
MinimumVisualStudioVersion = 10.0.40219.1
Project("{FAE04EC0-301F-11D3-BF4B-00C04F79EFBC}") = "SonorousAPI", "SonorousAPI.csproj", "{3ADC9DCF-8572-47D4-B6DB-4E57E89C9AEF}"
EndProject
Global
	GlobalSection(SolutionConfigurationPlatforms) = preSolution
		Debug|Any CPU = Debug|Any CPU
		Release|Any CPU = Release|Any CPU
	EndGlobalSection
	GlobalSection(ProjectConfigurationPlatforms) = postSolution
		{3ADC9DCF-8572-47D4-B6DB-4E57E89C9AEF}.Debug|Any CPU.ActiveCfg = Debug|Any CPU
		{3ADC9DCF-8572-47D4-B6DB-4E57E89C9AEF}.Debug|Any CPU.Build.0 = Debug|Any CPU
		{3ADC9DCF-8572-47D4-B6DB-4E57E89C9AEF}.Release|Any CPU.ActiveCfg = Release|Any CPU
		{3ADC9DCF-8572-47D4-B6DB-4E57E89C9AEF}.Release|Any CPU.Build.0 = Release|Any CPU
	EndGlobalSection
	GlobalSection(SolutionProperties) = preSolution
		HideSolutionNode = FALSE
	EndGlobalSection
	GlobalSection(ExtensibilityGlobals) = postSolution
		SolutionGuid = {A2321EBC-D56D-4188-8AA5-4BE43431DA2C}
	EndGlobalSection
EndGlobal
